// !$*UTF8*$!
{
	archiveVersion = 1;
	classes = {
	};
	objectVersion = 77;
	objects = {

/* Begin PBXBuildFile section */
		2A1111112B00000100000001 /* BeefSauceCalculatorApp.swift in Sources */ = {isa = PBXBuildFile; fileRef = 2A1111112B00000100000002 /* BeefSauceCalculatorApp.swift */; };
		2A1111112B00000100000003 /* ContentView.swift in Sources */ = {isa = PBXBuildFile; fileRef = 2A1111112B00000100000004 /* ContentView.swift */; };
		2A1111112B00000100000014 /* Assets.xcassets in Resources */ = {isa = PBXBuildFile; fileRef = 2A1111112B00000100000015 /* Assets.xcassets */; };
		2A1111112B00000100000020 /* SauceCalculator.swift in Sources */ = {isa = PBXBuildFile; fileRef = 2A1111112B00000100000021 /* SauceCalculator.swift */; };
		2A1111112B00000100000022 /* SauceCalculatorTests.swift in Sources */ = {isa = PBXBuildFile; fileRef = 2A1111112B00000100000023 /* SauceCalculatorTests.swift */; };
		2A1111112B00000100000040 /* NutritionLabelParser.swift in Sources */ = {isa = PBXBuildFile; fileRef = 2A1111112B00000100000041 /* NutritionLabelParser.swift */; };
		2A1111112B00000100000042 /* NutritionOCRService.swift in Sources */ = {isa = PBXBuildFile; fileRef = 2A1111112B00000100000043 /* NutritionOCRService.swift */; };
		2A1111112B00000100000044 /* ImagePicker.swift in Sources */ = {isa = PBXBuildFile; fileRef = 2A1111112B00000100000045 /* ImagePicker.swift */; };
		2A1111112B00000100000046 /* NutritionLabelParserTests.swift in Sources */ = {isa = PBXBuildFile; fileRef = 2A1111112B00000100000047 /* NutritionLabelParserTests.swift */; };
/* End PBXBuildFile section */

/* Begin PBXContainerItemProxy section */
		2A1111112B00000100000024 /* PBXContainerItemProxy */ = {
			isa = PBXContainerItemProxy;
			containerPortal = 2A1111112B0000010000000E /* Project object */;
			proxyType = 1;
			remoteGlobalIDString = 2A1111112B0000010000000A;
			remoteInfo = BeefSauceCalculator;
		};
/* End PBXContainerItemProxy section */

/* Begin PBXFileReference section */
		2A1111112B00000100000002 /* BeefSauceCalculatorApp.swift */ = {isa = PBXFileReference; lastKnownFileType = sourcecode.swift; path = BeefSauceCalculatorApp.swift; sourceTree = "<group>"; };
		2A1111112B00000100000004 /* ContentView.swift */ = {isa = PBXFileReference; lastKnownFileType = sourcecode.swift; path = ContentView.swift; sourceTree = "<group>"; };
		2A1111112B00000100000005 /* BeefSauceCalculator.app */ = {isa = PBXFileReference; explicitFileType = wrapper.application; includeInIndex = 0; path = BeefSauceCalculator.app; sourceTree = BUILT_PRODUCTS_DIR; };
		2A1111112B00000100000015 /* Assets.xcassets */ = {isa = PBXFileReference; lastKnownFileType = folder.assetcatalog; path = Assets.xcassets; sourceTree = "<group>"; };
		2A1111112B00000100000021 /* SauceCalculator.swift */ = {isa = PBXFileReference; lastKnownFileType = sourcecode.swift; path = SauceCalculator.swift; sourceTree = "<group>"; };
		2A1111112B00000100000023 /* SauceCalculatorTests.swift */ = {isa = PBXFileReference; lastKnownFileType = sourcecode.swift; path = SauceCalculatorTests.swift; sourceTree = "<group>"; };
		2A1111112B00000100000025 /* BeefSauceCalculatorTests.xctest */ = {isa = PBXFileReference; explicitFileType = wrapper.cfbundle; includeInIndex = 0; path = BeefSauceCalculatorTests.xctest; sourceTree = BUILT_PRODUCTS_DIR; };
		2A1111112B00000100000041 /* NutritionLabelParser.swift */ = {isa = PBXFileReference; lastKnownFileType = sourcecode.swift; path = NutritionLabelParser.swift; sourceTree = "<group>"; };
		2A1111112B00000100000043 /* NutritionOCRService.swift */ = {isa = PBXFileReference; lastKnownFileType = sourcecode.swift; path = NutritionOCRService.swift; sourceTree = "<group>"; };
		2A1111112B00000100000045 /* ImagePicker.swift */ = {isa = PBXFileReference; lastKnownFileType = sourcecode.swift; path = ImagePicker.swift; sourceTree = "<group>"; };
		2A1111112B00000100000047 /* NutritionLabelParserTests.swift */ = {isa = PBXFileReference; lastKnownFileType = sourcecode.swift; path = NutritionLabelParserTests.swift; sourceTree = "<group>"; };
/* End PBXFileReference section */

/* Begin PBXFrameworksBuildPhase section */
		2A1111112B00000100000006 /* Frameworks */ = {
			isa = PBXFrameworksBuildPhase;
			buildActionMask = 2147483647;
			files = (
			);
			runOnlyForDeploymentPostprocessing = 0;
		};
		2A1111112B00000100000026 /* Frameworks */ = {
			isa = PBXFrameworksBuildPhase;
			buildActionMask = 2147483647;
			files = (
			);
			runOnlyForDeploymentPostprocessing = 0;
		};
/* End PBXFrameworksBuildPhase section */

/* Begin PBXGroup section */
		2A1111112B00000100000007 = {
			isa = PBXGroup;
			children = (
				2A1111112B00000100000008 /* BeefSauceCalculator */,
				2A1111112B00000100000027 /* BeefSauceCalculatorTests */,
				2A1111112B00000100000009 /* Products */,
			);
			sourceTree = "<group>";
		};
		2A1111112B00000100000008 /* BeefSauceCalculator */ = {
			isa = PBXGroup;
			children = (
				2A1111112B00000100000002 /* BeefSauceCalculatorApp.swift */,
				2A1111112B00000100000004 /* ContentView.swift */,
				2A1111112B00000100000045 /* ImagePicker.swift */,
				2A1111112B00000100000041 /* NutritionLabelParser.swift */,
				2A1111112B00000100000043 /* NutritionOCRService.swift */,
				2A1111112B00000100000021 /* SauceCalculator.swift */,
				2A1111112B00000100000015 /* Assets.xcassets */,
			);
			path = BeefSauceCalculator;
			sourceTree = "<group>";
		};
		2A1111112B00000100000009 /* Products */ = {
			isa = PBXGroup;
			children = (
				2A1111112B00000100000005 /* BeefSauceCalculator.app */,
				2A1111112B00000100000025 /* BeefSauceCalculatorTests.xctest */,
			);
			name = Products;
			sourceTree = "<group>";
		};
		2A1111112B00000100000027 /* BeefSauceCalculatorTests */ = {
			isa = PBXGroup;
			children = (
				2A1111112B00000100000047 /* NutritionLabelParserTests.swift */,
				2A1111112B00000100000023 /* SauceCalculatorTests.swift */,
			);
			path = BeefSauceCalculatorTests;
			sourceTree = "<group>";
		};
/* End PBXGroup section */

/* Begin PBXNativeTarget section */
		2A1111112B0000010000000A /* BeefSauceCalculator */ = {
			isa = PBXNativeTarget;
			buildConfigurationList = 2A1111112B0000010000000B /* Build configuration list for PBXNativeTarget "BeefSauceCalculator" */;
			buildPhases = (
				2A1111112B0000010000000C /* Sources */,
				2A1111112B00000100000006 /* Frameworks */,
				2A1111112B0000010000000D /* Resources */,
			);
			buildRules = (
			);
			dependencies = (
			);
			name = BeefSauceCalculator;
			productName = BeefSauceCalculator;
			productReference = 2A1111112B00000100000005 /* BeefSauceCalculator.app */;
			productType = "com.apple.product-type.application";
		};
		2A1111112B00000100000030 /* BeefSauceCalculatorTests */ = {
			isa = PBXNativeTarget;
			buildConfigurationList = 2A1111112B00000100000031 /* Build configuration list for PBXNativeTarget "BeefSauceCalculatorTests" */;
			buildPhases = (
				2A1111112B00000100000032 /* Sources */,
				2A1111112B00000100000026 /* Frameworks */,
				2A1111112B00000100000033 /* Resources */,
			);
			buildRules = (
			);
			dependencies = (
				2A1111112B00000100000034 /* PBXTargetDependency */,
			);
			name = BeefSauceCalculatorTests;
			productName = BeefSauceCalculatorTests;
			productReference = 2A1111112B00000100000025 /* BeefSauceCalculatorTests.xctest */;
			productType = "com.apple.product-type.bundle.unit-test";
		};
/* End PBXNativeTarget section */

/* Begin PBXProject section */
		2A1111112B0000010000000E /* Project object */ = {
			isa = PBXProject;
			attributes = {
				BuildIndependentTargetsInParallel = 1;
				LastSwiftUpdateCheck = 2650;
				LastUpgradeCheck = 2650;
				TargetAttributes = {
					2A1111112B0000010000000A = {
						CreatedOnToolsVersion = 26.5;
					};
					2A1111112B00000100000030 = {
						CreatedOnToolsVersion = 26.5;
						TestTargetID = 2A1111112B0000010000000A;
					};
				};
			};
			buildConfigurationList = 2A1111112B0000010000000F /* Build configuration list for PBXProject "BeefSauceCalculator" */;
			developmentRegion = "zh-Hans";
			hasScannedForEncodings = 0;
			knownRegions = (
				"zh-Hans",
				en,
				Base,
			);
			mainGroup = 2A1111112B00000100000007;
			minimizedProjectReferenceProxies = 1;
			preferredProjectObjectVersion = 77;
			productRefGroup = 2A1111112B00000100000009 /* Products */;
			projectDirPath = "";
			projectRoot = "";
			targets = (
				2A1111112B0000010000000A /* BeefSauceCalculator */,
				2A1111112B00000100000030 /* BeefSauceCalculatorTests */,
			);
		};
/* End PBXProject section */

/* Begin PBXResourcesBuildPhase section */
		2A1111112B0000010000000D /* Resources */ = {
			isa = PBXResourcesBuildPhase;
			buildActionMask = 2147483647;
			files = (
				2A1111112B00000100000014 /* Assets.xcassets in Resources */,
			);
			runOnlyForDeploymentPostprocessing = 0;
		};
		2A1111112B00000100000033 /* Resources */ = {
			isa = PBXResourcesBuildPhase;
			buildActionMask = 2147483647;
			files = (
			);
			runOnlyForDeploymentPostprocessing = 0;
		};
/* End PBXResourcesBuildPhase section */

/* Begin PBXSourcesBuildPhase section */
		2A1111112B0000010000000C /* Sources */ = {
			isa = PBXSourcesBuildPhase;
			buildActionMask = 2147483647;
			files = (
				2A1111112B00000100000001 /* BeefSauceCalculatorApp.swift in Sources */,
				2A1111112B00000100000003 /* ContentView.swift in Sources */,
				2A1111112B00000100000044 /* ImagePicker.swift in Sources */,
				2A1111112B00000100000040 /* NutritionLabelParser.swift in Sources */,
				2A1111112B00000100000042 /* NutritionOCRService.swift in Sources */,
				2A1111112B00000100000020 /* SauceCalculator.swift in Sources */,
			);
			runOnlyForDeploymentPostprocessing = 0;
		};
		2A1111112B00000100000032 /* Sources */ = {
			isa = PBXSourcesBuildPhase;
			buildActionMask = 2147483647;
			files = (
				2A1111112B00000100000046 /* NutritionLabelParserTests.swift in Sources */,
				2A1111112B00000100000022 /* SauceCalculatorTests.swift in Sources */,
			);
			runOnlyForDeploymentPostprocessing = 0;
		};
/* End PBXSourcesBuildPhase section */

/* Begin PBXTargetDependency section */
		2A1111112B00000100000034 /* PBXTargetDependency */ = {
			isa = PBXTargetDependency;
			target = 2A1111112B0000010000000A /* BeefSauceCalculator */;
			targetProxy = 2A1111112B00000100000024 /* PBXContainerItemProxy */;
		};
/* End PBXTargetDependency section */

/* Begin XCBuildConfiguration section */
		2A1111112B00000100000010 /* Debug */ = {
			isa = XCBuildConfiguration;
			buildSettings = {
				ALWAYS_SEARCH_USER_PATHS = NO;
				ASSETCATALOG_COMPILER_GENERATE_SWIFT_ASSET_SYMBOL_EXTENSIONS = YES;
				CLANG_ANALYZER_NONNULL = YES;
				CLANG_ANALYZER_NUMBER_OBJECT_CONVERSION = YES_AGGRESSIVE;
				CLANG_CXX_LANGUAGE_STANDARD = "gnu++20";
				CLANG_ENABLE_MODULES = YES;
				CLANG_ENABLE_OBJC_ARC = YES;
				CLANG_ENABLE_OBJC_WEAK = YES;
				CLANG_WARN_BLOCK_CAPTURE_AUTORELEASING = YES;
				CLANG_WARN_BOOL_CONVERSION = YES;
				CLANG_WARN_COMMA = YES;
				CLANG_WARN_CONSTANT_CONVERSION = YES;
				CLANG_WARN_DEPRECATED_OBJC_IMPLEMENTATIONS = YES;
				CLANG_WARN_DIRECT_OBJC_ISA_USAGE = YES_ERROR;
				CLANG_WARN_DOCUMENTATION_COMMENTS = YES;
				CLANG_WARN_EMPTY_BODY = YES;
				CLANG_WARN_ENUM_CONVERSION = YES;
				CLANG_WARN_INFINITE_RECURSION = YES;
				CLANG_WARN_INT_CONVERSION = YES;
				CLANG_WARN_NON_LITERAL_NULL_CONVERSION = YES;
				CLANG_WARN_OBJC_IMPLICIT_RETAIN_SELF = YES;
				CLANG_WARN_OBJC_LITERAL_CONVERSION = YES;
				CLANG_WARN_OBJC_ROOT_CLASS = YES_ERROR;
				CLANG_WARN_QUOTED_INCLUDE_IN_FRAMEWORK_HEADER = YES;
				CLANG_WARN_RANGE_LOOP_ANALYSIS = YES;
				CLANG_WARN_STRICT_PROTOTYPES = YES;
				CLANG_WARN_SUSPICIOUS_MOVE = YES;
				CLANG_WARN_UNGUARDED_AVAILABILITY = YES_AGGRESSIVE;
				CLANG_WARN_UNREACHABLE_CODE = YES;
				COPY_PHASE_STRIP = NO;
				DEBUG_INFORMATION_FORMAT = dwarf;
				ENABLE_STRICT_OBJC_MSGSEND = YES;
				ENABLE_TESTABILITY = YES;
				ENABLE_USER_SCRIPT_SANDBOXING = YES;
				GCC_C_LANGUAGE_STANDARD = gnu17;
				GCC_DYNAMIC_NO_PIC = NO;
				GCC_NO_COMMON_BLOCKS = YES;
				GCC_OPTIMIZATION_LEVEL = 0;
				GCC_PREPROCESSOR_DEFINITIONS = (
					"DEBUG=1",
					"$(inherited)",
				);
				GCC_WARN_64_TO_32_BIT_CONVERSION = YES;
				GCC_WARN_ABOUT_RETURN_TYPE = YES_ERROR;
				GCC_WARN_UNDECLARED_SELECTOR = YES;
				GCC_WARN_UNINITIALIZED_AUTOS = YES_AGGRESSIVE;
				GCC_WARN_UNUSED_FUNCTION = YES;
				GCC_WARN_UNUSED_VARIABLE = YES;
				IPHONEOS_DEPLOYMENT_TARGET = 17.0;
				LOCALIZATION_PREFERS_STRING_CATALOGS = YES;
				MTL_ENABLE_DEBUG_INFO = INCLUDE_SOURCE;
				MTL_FAST_MATH = YES;
				ONLY_ACTIVE_ARCH = YES;
				SDKROOT = iphoneos;
				SWIFT_ACTIVE_COMPILATION_CONDITIONS = "DEBUG $(inherited)";
				SWIFT_OPTIMIZATION_LEVEL = "-Onone";
			};
			name = Debug;
		};
		2A1111112B00000100000011 /* Release */ = {
			isa = XCBuildConfiguration;
			buildSettings = {
				ALWAYS_SEARCH_USER_PATHS = NO;
				ASSETCATALOG_COMPILER_GENERATE_SWIFT_ASSET_SYMBOL_EXTENSIONS = YES;
				CLANG_ANALYZER_NONNULL = YES;
				CLANG_ANALYZER_NUMBER_OBJECT_CONVERSION = YES_AGGRESSIVE;
				CLANG_CXX_LANGUAGE_STANDARD = "gnu++20";
				CLANG_ENABLE_MODULES = YES;
				CLANG_ENABLE_OBJC_ARC = YES;
				CLANG_ENABLE_OBJC_WEAK = YES;
				CLANG_WARN_BLOCK_CAPTURE_AUTORELEASING = YES;
				CLANG_WARN_BOOL_CONVERSION = YES;
				CLANG_WARN_COMMA = YES;
				CLANG_WARN_CONSTANT_CONVERSION = YES;
				CLANG_WARN_DEPRECATED_OBJC_IMPLEMENTATIONS = YES;
				CLANG_WARN_DIRECT_OBJC_ISA_USAGE = YES_ERROR;
				CLANG_WARN_DOCUMENTATION_COMMENTS = YES;
				CLANG_WARN_EMPTY_BODY = YES;
				CLANG_WARN_ENUM_CONVERSION = YES;
				CLANG_WARN_INFINITE_RECURSION = YES;
				CLANG_WARN_INT_CONVERSION = YES;
				CLANG_WARN_NON_LITERAL_NULL_CONVERSION = YES;
				CLANG_WARN_OBJC_IMPLICIT_RETAIN_SELF = YES;
				CLANG_WARN_OBJC_LITERAL_CONVERSION = YES;
				CLANG_WARN_OBJC_ROOT_CLASS = YES_ERROR;
				CLANG_WARN_QUOTED_INCLUDE_IN_FRAMEWORK_HEADER = YES;
				CLANG_WARN_RANGE_LOOP_ANALYSIS = YES;
				CLANG_WARN_STRICT_PROTOTYPES = YES;
				CLANG_WARN_SUSPICIOUS_MOVE = YES;
				CLANG_WARN_UNGUARDED_AVAILABILITY = YES_AGGRESSIVE;
				CLANG_WARN_UNREACHABLE_CODE = YES;
				COPY_PHASE_STRIP = NO;
				DEBUG_INFORMATION_FORMAT = "dwarf-with-dsym";
				ENABLE_NS_ASSERTIONS = NO;
				ENABLE_STRICT_OBJC_MSGSEND = YES;
				ENABLE_USER_SCRIPT_SANDBOXING = YES;
				GCC_C_LANGUAGE_STANDARD = gnu17;
				GCC_NO_COMMON_BLOCKS = YES;
				GCC_WARN_64_TO_32_BIT_CONVERSION = YES;
				GCC_WARN_ABOUT_RETURN_TYPE = YES_ERROR;
				GCC_WARN_UNDECLARED_SELECTOR = YES;
				GCC_WARN_UNINITIALIZED_AUTOS = YES_AGGRESSIVE;
				GCC_WARN_UNUSED_FUNCTION = YES;
				GCC_WARN_UNUSED_VARIABLE = YES;
				IPHONEOS_DEPLOYMENT_TARGET = 17.0;
				LOCALIZATION_PREFERS_STRING_CATALOGS = YES;
				MTL_ENABLE_DEBUG_INFO = NO;
				MTL_FAST_MATH = YES;
				SDKROOT = iphoneos;
				SWIFT_COMPILATION_MODE = wholemodule;
				VALIDATE_PRODUCT = YES;
			};
			name = Release;
		};
		2A1111112B00000100000012 /* Debug */ = {
			isa = XCBuildConfiguration;
			buildSettings = {
				ASSETCATALOG_COMPILER_APPICON_NAME = AppIcon;
				CODE_SIGN_STYLE = Automatic;
				CURRENT_PROJECT_VERSION = 3;
				DEVELOPMENT_ASSET_PATHS = "";
				DEVELOPMENT_TEAM = 8QLE22YNWD;
				ENABLE_PREVIEWS = YES;
				GENERATE_INFOPLIST_FILE = YES;
				INFOPLIST_KEY_CFBundleDisplayName = "卤牛肉计算器";
				INFOPLIST_KEY_LSApplicationCategoryType = "public.app-category.food-and-drink";
				INFOPLIST_KEY_NSCameraUsageDescription = "用于拍摄酱料包装营养成分表并识别钠含量。";
				INFOPLIST_KEY_UIApplicationSceneManifest_Generation = YES;
				INFOPLIST_KEY_UIApplicationSupportsIndirectInputEvents = YES;
				INFOPLIST_KEY_UILaunchScreen_Generation = YES;
				INFOPLIST_KEY_UISupportedInterfaceOrientations_iPhone = UIInterfaceOrientationPortrait;
				IPHONEOS_DEPLOYMENT_TARGET = 17.0;
				MARKETING_VERSION = 1.1;
				PRODUCT_BUNDLE_IDENTIFIER = com.calton.BeefSauceCalculator;
				PRODUCT_NAME = "$(TARGET_NAME)";
				SUPPORTED_PLATFORMS = "iphoneos iphonesimulator";
				SUPPORTS_MACCATALYST = NO;
				SUPPORTS_MAC_DESIGNED_FOR_IPHONE_IPAD = NO;
				SUPPORTS_XR_DESIGNED_FOR_IPHONE_IPAD = NO;
				SWIFT_EMIT_LOC_STRINGS = YES;
				SWIFT_VERSION = 6.0;
				TARGETED_DEVICE_FAMILY = 1;
			};
			name = Debug;
		};
		2A1111112B00000100000013 /* Release */ = {
			isa = XCBuildConfiguration;
			buildSettings = {
				ASSETCATALOG_COMPILER_APPICON_NAME = AppIcon;
				CODE_SIGN_STYLE = Automatic;
				CURRENT_PROJECT_VERSION = 3;
				DEVELOPMENT_ASSET_PATHS = "";
				DEVELOPMENT_TEAM = 8QLE22YNWD;
				ENABLE_PREVIEWS = YES;
				GENERATE_INFOPLIST_FILE = YES;
				INFOPLIST_KEY_CFBundleDisplayName = "卤牛肉计算器";
				INFOPLIST_KEY_LSApplicationCategoryType = "public.app-category.food-and-drink";
				INFOPLIST_KEY_NSCameraUsageDescription = "用于拍摄酱料包装营养成分表并识别钠含量。";
				INFOPLIST_KEY_UIApplicationSceneManifest_Generation = YES;
				INFOPLIST_KEY_UIApplicationSupportsIndirectInputEvents = YES;
				INFOPLIST_KEY_UILaunchScreen_Generation = YES;
				INFOPLIST_KEY_UISupportedInterfaceOrientations_iPhone = UIInterfaceOrientationPortrait;
				IPHONEOS_DEPLOYMENT_TARGET = 17.0;
				MARKETING_VERSION = 1.1;
				PRODUCT_BUNDLE_IDENTIFIER = com.calton.BeefSauceCalculator;
				PRODUCT_NAME = "$(TARGET_NAME)";
				SUPPORTED_PLATFORMS = "iphoneos iphonesimulator";
				SUPPORTS_MACCATALYST = NO;
				SUPPORTS_MAC_DESIGNED_FOR_IPHONE_IPAD = NO;
				SUPPORTS_XR_DESIGNED_FOR_IPHONE_IPAD = NO;
				SWIFT_EMIT_LOC_STRINGS = YES;
				SWIFT_VERSION = 6.0;
				TARGETED_DEVICE_FAMILY = 1;
			};
			name = Release;
		};
		2A1111112B00000100000035 /* Debug */ = {
			isa = XCBuildConfiguration;
			buildSettings = {
				BUNDLE_LOADER = "$(TEST_HOST)";
				"CODE_SIGN_IDENTITY[sdk=macosx*]" = "-";
				CODE_SIGN_STYLE = Automatic;
				CURRENT_PROJECT_VERSION = 3;
				DEVELOPMENT_TEAM = 8QLE22YNWD;
				GENERATE_INFOPLIST_FILE = YES;
				IPHONEOS_DEPLOYMENT_TARGET = 17.0;
				LD_RUNPATH_SEARCH_PATHS = (
					"$(inherited)",
					"@executable_path/Frameworks",
					"@loader_path/Frameworks",
				);
				MARKETING_VERSION = 1.1;
				PRODUCT_BUNDLE_IDENTIFIER = com.calton.BeefSauceCalculatorTests;
				PRODUCT_NAME = "$(TARGET_NAME)";
				SUPPORTED_PLATFORMS = "iphoneos iphonesimulator";
				SWIFT_VERSION = 6.0;
				TARGETED_DEVICE_FAMILY = 1;
				TEST_HOST = "$(BUILT_PRODUCTS_DIR)/BeefSauceCalculator.app/$(BUNDLE_EXECUTABLE_FOLDER_PATH)/BeefSauceCalculator";
			};
			name = Debug;
		};
		2A1111112B00000100000036 /* Release */ = {
			isa = XCBuildConfiguration;
			buildSettings = {
				BUNDLE_LOADER = "$(TEST_HOST)";
				"CODE_SIGN_IDENTITY[sdk=macosx*]" = "-";
				CODE_SIGN_STYLE = Automatic;
				CURRENT_PROJECT_VERSION = 3;
				DEVELOPMENT_TEAM = 8QLE22YNWD;
				GENERATE_INFOPLIST_FILE = YES;
				IPHONEOS_DEPLOYMENT_TARGET = 17.0;
				LD_RUNPATH_SEARCH_PATHS = (
					"$(inherited)",
					"@executable_path/Frameworks",
					"@loader_path/Frameworks",
				);
				MARKETING_VERSION = 1.1;
				PRODUCT_BUNDLE_IDENTIFIER = com.calton.BeefSauceCalculatorTests;
				PRODUCT_NAME = "$(TARGET_NAME)";
				SUPPORTED_PLATFORMS = "iphoneos iphonesimulator";
				SWIFT_VERSION = 6.0;
				TARGETED_DEVICE_FAMILY = 1;
				TEST_HOST = "$(BUILT_PRODUCTS_DIR)/BeefSauceCalculator.app/$(BUNDLE_EXECUTABLE_FOLDER_PATH)/BeefSauceCalculator";
			};
			name = Release;
		};
/* End XCBuildConfiguration section */

/* Begin XCConfigurationList section */
		2A1111112B0000010000000B /* Build configuration list for PBXNativeTarget "BeefSauceCalculator" */ = {
			isa = XCConfigurationList;
			buildConfigurations = (
				2A1111112B00000100000012 /* Debug */,
				2A1111112B00000100000013 /* Release */,
			);
			defaultConfigurationIsVisible = 0;
			defaultConfigurationName = Release;
		};
		2A1111112B0000010000000F /* Build configuration list for PBXProject "BeefSauceCalculator" */ = {
			isa = XCConfigurationList;
			buildConfigurations = (
				2A1111112B00000100000010 /* Debug */,
				2A1111112B00000100000011 /* Release */,
			);
			defaultConfigurationIsVisible = 0;
			defaultConfigurationName = Release;
		};
		2A1111112B00000100000031 /* Build configuration list for PBXNativeTarget "BeefSauceCalculatorTests" */ = {
			isa = XCConfigurationList;
			buildConfigurations = (
				2A1111112B00000100000035 /* Debug */,
				2A1111112B00000100000036 /* Release */,
			);
			defaultConfigurationIsVisible = 0;
			defaultConfigurationName = Release;
		};
/* End XCConfigurationList section */
	};
	rootObject = 2A1111112B0000010000000E /* Project object */;
}
